
Microsoft Visual Studio Solution File, Format Version 12.00
Project("{FAE04EC0-301F-11D3-BF4B-00C04F79EFBC}") = "GrpcServiceDemo", "GrpcServiceDemo\GrpcServiceDemo.csproj", "{B628E084-DF43-466A-937C-074ED7E29C62}"
EndProject
Global
	GlobalSection(SolutionConfigurationPlatforms) = preSolution
		Debug|Any CPU = Debug|Any CPU
		Release|Any CPU = Release|Any CPU
	EndGlobalSection
	GlobalSection(ProjectConfigurationPlatforms) = postSolution
		{B628E084-DF43-466A-937C-074ED7E29C62}.Debug|Any CPU.ActiveCfg = Debug|Any CPU
		{B628E084-DF43-466A-937C-074ED7E29C62}.Debug|Any CPU.Build.0 = Debug|Any CPU
		{B628E084-DF43-466A-937C-074ED7E29C62}.Release|Any CPU.ActiveCfg = Release|Any CPU
		{B628E084-DF43-466A-937C-074ED7E29C62}.Release|Any CPU.Build.0 = Release|Any CPU
	EndGlobalSection
EndGlobal
